// !$*UTF8*$!
{
	archiveVersion = 1;
	classes = {
	};
	objectVersion = 48;
	objects = {

/* Begin PBXBuildFile section */
		2549EE751FBEB48F00BBAA84 /* AppDelegate.swift in Sources */ = {isa = PBXBuildFile; fileRef = 2549EE741FBEB48F00BBAA84 /* AppDelegate.swift */; };
		2549EE771FBEB48F00BBAA84 /* ViewController.swift in Sources */ = {isa = PBXBuildFile; fileRef = 2549EE761FBEB48F00BBAA84 /* ViewController.swift */; };
		2549EE791FBEB48F00BBAA84 /* Assets.xcassets in Resources */ = {isa = PBXBuildFile; fileRef = 2549EE781FBEB48F00BBAA84 /* Assets.xcassets */; };
		2549EE7C1FBEB48F00BBAA84 /* Main.storyboard in Resources */ = {isa = PBXBuildFile; fileRef = 2549EE7A1FBEB48F00BBAA84 /* Main.storyboard */; };
		2549EE8B1FBEB51100BBAA84 /* NotificationCenter.framework in Frameworks */ = {isa = PBXBuildFile; fileRef = 2549EE8A1FBEB51100BBAA84 /* NotificationCenter.framework */; };
		2549EE8E1FBEB51100BBAA84 /* TodayViewController.swift in Sources */ = {isa = PBXBuildFile; fileRef = 2549EE8D1FBEB51100BBAA84 /* TodayViewController.swift */; };
		2549EE911FBEB51100BBAA84 /* TodayViewController.xib in Resources */ = {isa = PBXBuildFile; fileRef = 2549EE8F1FBEB51100BBAA84 /* TodayViewController.xib */; };
		2549EE951FBEB51100BBAA84 /* InfoPlist.strings in Resources */ = {isa = PBXBuildFile; fileRef = 2549EE931FBEB51100BBAA84 /* InfoPlist.strings */; };
		2549EE991FBEB51100BBAA84 /* Monit.appex in Embed App Extensions */ = {isa = PBXBuildFile; fileRef = 2549EE881FBEB51100BBAA84 /* Monit.appex */; settings = {ATTRIBUTES = (RemoveHeadersOnCopy, ); }; };
		25842AD61FC2712800579713 /* Battery.swift in Sources */ = {isa = PBXBuildFile; fileRef = 25842AD21FC2712700579713 /* Battery.swift */; };
		25842AD71FC2712800579713 /* IOReturn.swift in Sources */ = {isa = PBXBuildFile; fileRef = 25842AD31FC2712700579713 /* IOReturn.swift */; };
		25842AD81FC2712800579713 /* Process.swift in Sources */ = {isa = PBXBuildFile; fileRef = 25842AD41FC2712700579713 /* Process.swift */; };
		25842AD91FC2712800579713 /* System.swift in Sources */ = {isa = PBXBuildFile; fileRef = 25842AD51FC2712700579713 /* System.swift */; };
		25842ADE1FC2719800579713 /* data_usage.c in Sources */ = {isa = PBXBuildFile; fileRef = 25842ADD1FC2719800579713 /* data_usage.c */; };
		25842AE01FC2722D00579713 /* ProgressBar.swift in Sources */ = {isa = PBXBuildFile; fileRef = 25842ADF1FC2722D00579713 /* ProgressBar.swift */; };
		25842AE11FC2777000579713 /* Assets.xcassets in Resources */ = {isa = PBXBuildFile; fileRef = 2549EE781FBEB48F00BBAA84 /* Assets.xcassets */; };
		259202231FC2ABF800F93FD5 /* Device.swift in Sources */ = {isa = PBXBuildFile; fileRef = 259202221FC2ABF800F93FD5 /* Device.swift */; };
		259202251FC2AC6300F93FD5 /* StringExtension.swift in Sources */ = {isa = PBXBuildFile; fileRef = 259202241FC2AC6300F93FD5 /* StringExtension.swift */; };
		259202271FC2B75900F93FD5 /* Theme.swift in Sources */ = {isa = PBXBuildFile; fileRef = 259202261FC2B75900F93FD5 /* Theme.swift */; };
		2592022B1FC2D57C00F93FD5 /* Cocoa.framework in Frameworks */ = {isa = PBXBuildFile; fileRef = 2592022A1FC2D57300F93FD5 /* Cocoa.framework */; };
		2592022C1FC2D58D00F93FD5 /* Cocoa.framework in Frameworks */ = {isa = PBXBuildFile; fileRef = 2592022A1FC2D57300F93FD5 /* Cocoa.framework */; };
/* End PBXBuildFile section */

/* Begin PBXContainerItemProxy section */
		2549EE971FBEB51100BBAA84 /* PBXContainerItemProxy */ = {
			isa = PBXContainerItemProxy;
			containerPortal = 2549EE691FBEB48F00BBAA84 /* Project object */;
			proxyType = 1;
			remoteGlobalIDString = 2549EE871FBEB51100BBAA84;
			remoteInfo = Monit;
		};
/* End PBXContainerItemProxy section */

/* Begin PBXCopyFilesBuildPhase section */
		2549EE9D1FBEB51100BBAA84 /* Embed App Extensions */ = {
			isa = PBXCopyFilesBuildPhase;
			buildActionMask = 2147483647;
			dstPath = "";
			dstSubfolderSpec = 13;
			files = (
				2549EE991FBEB51100BBAA84 /* Monit.appex in Embed App Extensions */,
			);
			name = "Embed App Extensions";
			runOnlyForDeploymentPostprocessing = 0;
		};
		25842AD11FC2706200579713 /* Embed Frameworks */ = {
			isa = PBXCopyFilesBuildPhase;
			buildActionMask = 2147483647;
			dstPath = "";
			dstSubfolderSpec = 10;
			files = (
			);
			name = "Embed Frameworks";
			runOnlyForDeploymentPostprocessing = 0;
		};
/* End PBXCopyFilesBuildPhase section */

/* Begin PBXFileReference section */
		2549EE711FBEB48F00BBAA84 /* mStat.app */ = {isa = PBXFileReference; explicitFileType = wrapper.application; includeInIndex = 0; path = mStat.app; sourceTree = BUILT_PRODUCTS_DIR; };
		2549EE741FBEB48F00BBAA84 /* AppDelegate.swift */ = {isa = PBXFileReference; lastKnownFileType = sourcecode.swift; path = AppDelegate.swift; sourceTree = "<group>"; };
		2549EE761FBEB48F00BBAA84 /* ViewController.swift */ = {isa = PBXFileReference; lastKnownFileType = sourcecode.swift; path = ViewController.swift; sourceTree = "<group>"; };
		2549EE781FBEB48F00BBAA84 /* Assets.xcassets */ = {isa = PBXFileReference; lastKnownFileType = folder.assetcatalog; path = Assets.xcassets; sourceTree = "<group>"; };
		2549EE7B1FBEB48F00BBAA84 /* Base */ = {isa = PBXFileReference; lastKnownFileType = file.storyboard; name = Base; path = Base.lproj/Main.storyboard; sourceTree = "<group>"; };
		2549EE7D1FBEB48F00BBAA84 /* Info.plist */ = {isa = PBXFileReference; lastKnownFileType = text.plist.xml; path = Info.plist; sourceTree = "<group>"; };
		2549EE7E1FBEB48F00BBAA84 /* mStat.entitlements */ = {isa = PBXFileReference; lastKnownFileType = text.plist.entitlements; path = mStat.entitlements; sourceTree = "<group>"; };
		2549EE881FBEB51100BBAA84 /* Monit.appex */ = {isa = PBXFileReference; explicitFileType = "wrapper.app-extension"; includeInIndex = 0; path = Monit.appex; sourceTree = BUILT_PRODUCTS_DIR; };
		2549EE8A1FBEB51100BBAA84 /* NotificationCenter.framework */ = {isa = PBXFileReference; lastKnownFileType = wrapper.framework; name = NotificationCenter.framework; path = System/Library/Frameworks/NotificationCenter.framework; sourceTree = SDKROOT; };
		2549EE8D1FBEB51100BBAA84 /* TodayViewController.swift */ = {isa = PBXFileReference; lastKnownFileType = sourcecode.swift; path = TodayViewController.swift; sourceTree = "<group>"; };
		2549EE901FBEB51100BBAA84 /* Base */ = {isa = PBXFileReference; lastKnownFileType = file.xib; name = Base; path = Base.lproj/TodayViewController.xib; sourceTree = "<group>"; };
		2549EE921FBEB51100BBAA84 /* Info.plist */ = {isa = PBXFileReference; lastKnownFileType = text.plist.xml; path = Info.plist; sourceTree = "<group>"; };
		2549EE941FBEB51100BBAA84 /* en */ = {isa = PBXFileReference; lastKnownFileType = text.plist.strings; name = en; path = en.lproj/InfoPlist.strings; sourceTree = "<group>"; };
		2549EE961FBEB51100BBAA84 /* Monit.entitlements */ = {isa = PBXFileReference; lastKnownFileType = text.plist.entitlements; path = Monit.entitlements; sourceTree = "<group>"; };
		25842AD21FC2712700579713 /* Battery.swift */ = {isa = PBXFileReference; fileEncoding = 4; lastKnownFileType = sourcecode.swift; path = Battery.swift; sourceTree = "<group>"; };
		25842AD31FC2712700579713 /* IOReturn.swift */ = {isa = PBXFileReference; fileEncoding = 4; lastKnownFileType = sourcecode.swift; path = IOReturn.swift; sourceTree = "<group>"; };
		25842AD41FC2712700579713 /* Process.swift */ = {isa = PBXFileReference; fileEncoding = 4; lastKnownFileType = sourcecode.swift; path = Process.swift; sourceTree = "<group>"; };
		25842AD51FC2712700579713 /* System.swift */ = {isa = PBXFileReference; fileEncoding = 4; lastKnownFileType = sourcecode.swift; path = System.swift; sourceTree = "<group>"; };
		25842ADB1FC2719700579713 /* Monit-Bridging-Header.h */ = {isa = PBXFileReference; lastKnownFileType = sourcecode.c.h; path = "Monit-Bridging-Header.h"; sourceTree = "<group>"; };
		25842ADC1FC2719800579713 /* data_usage.h */ = {isa = PBXFileReference; fileEncoding = 4; lastKnownFileType = sourcecode.c.h; path = data_usage.h; sourceTree = "<group>"; };
		25842ADD1FC2719800579713 /* data_usage.c */ = {isa = PBXFileReference; fileEncoding = 4; lastKnownFileType = sourcecode.c.c; path = data_usage.c; sourceTree = "<group>"; };
		25842ADF1FC2722D00579713 /* ProgressBar.swift */ = {isa = PBXFileReference; fileEncoding = 4; lastKnownFileType = sourcecode.swift; path = ProgressBar.swift; sourceTree = "<group>"; };
		259202221FC2ABF800F93FD5 /* Device.swift */ = {isa = PBXFileReference; fileEncoding = 4; lastKnownFileType = sourcecode.swift; path = Device.swift; sourceTree = "<group>"; };
		259202241FC2AC6300F93FD5 /* StringExtension.swift */ = {isa = PBXFileReference; fileEncoding = 4; lastKnownFileType = sourcecode.swift; path = StringExtension.swift; sourceTree = "<group>"; };
		259202261FC2B75900F93FD5 /* Theme.swift */ = {isa = PBXFileReference; lastKnownFileType = sourcecode.swift; path = Theme.swift; sourceTree = "<group>"; };
		2592022A1FC2D57300F93FD5 /* Cocoa.framework */ = {isa = PBXFileReference; lastKnownFileType = wrapper.framework; name = Cocoa.framework; path = System/Library/Frameworks/Cocoa.framework; sourceTree = SDKROOT; };
/* End PBXFileReference section */

/* Begin PBXFrameworksBuildPhase section */
		2549EE6E1FBEB48F00BBAA84 /* Frameworks */ = {
			isa = PBXFrameworksBuildPhase;
			buildActionMask = 2147483647;
			files = (
				2592022B1FC2D57C00F93FD5 /* Cocoa.framework in Frameworks */,
			);
			runOnlyForDeploymentPostprocessing = 0;
		};
		2549EE851FBEB51100BBAA84 /* Frameworks */ = {
			isa = PBXFrameworksBuildPhase;
			buildActionMask = 2147483647;
			files = (
				2592022C1FC2D58D00F93FD5 /* Cocoa.framework in Frameworks */,
				2549EE8B1FBEB51100BBAA84 /* NotificationCenter.framework in Frameworks */,
			);
			runOnlyForDeploymentPostprocessing = 0;
		};
/* End PBXFrameworksBuildPhase section */

/* Begin PBXGroup section */
		2549EE681FBEB48F00BBAA84 = {
			isa = PBXGroup;
			children = (
				2549EE731FBEB48F00BBAA84 /* mStat */,
				2549EE8C1FBEB51100BBAA84 /* Monit */,
				2549EE891FBEB51100BBAA84 /* Frameworks */,
				2549EE721FBEB48F00BBAA84 /* Products */,
			);
			sourceTree = "<group>";
		};
		2549EE721FBEB48F00BBAA84 /* Products */ = {
			isa = PBXGroup;
			children = (
				2549EE711FBEB48F00BBAA84 /* mStat.app */,
				2549EE881FBEB51100BBAA84 /* Monit.appex */,
			);
			name = Products;
			sourceTree = "<group>";
		};
		2549EE731FBEB48F00BBAA84 /* mStat */ = {
			isa = PBXGroup;
			children = (
				2549EE741FBEB48F00BBAA84 /* AppDelegate.swift */,
				2549EE761FBEB48F00BBAA84 /* ViewController.swift */,
				2549EE781FBEB48F00BBAA84 /* Assets.xcassets */,
				2549EE7A1FBEB48F00BBAA84 /* Main.storyboard */,
				2549EE7D1FBEB48F00BBAA84 /* Info.plist */,
				2549EE7E1FBEB48F00BBAA84 /* mStat.entitlements */,
			);
			path = mStat;
			sourceTree = "<group>";
		};
		2549EE891FBEB51100BBAA84 /* Frameworks */ = {
			isa = PBXGroup;
			children = (
				2592022A1FC2D57300F93FD5 /* Cocoa.framework */,
				2549EE8A1FBEB51100BBAA84 /* NotificationCenter.framework */,
			);
			name = Frameworks;
			sourceTree = "<group>";
		};
		2549EE8C1FBEB51100BBAA84 /* Monit */ = {
			isa = PBXGroup;
			children = (
				25842ADA1FC2713900579713 /* SystemKit */,
				25842ADC1FC2719800579713 /* data_usage.h */,
				25842ADD1FC2719800579713 /* data_usage.c */,
				25842ADF1FC2722D00579713 /* ProgressBar.swift */,
				259202221FC2ABF800F93FD5 /* Device.swift */,
				259202261FC2B75900F93FD5 /* Theme.swift */,
				259202241FC2AC6300F93FD5 /* StringExtension.swift */,
				2549EE8D1FBEB51100BBAA84 /* TodayViewController.swift */,
				2549EE8F1FBEB51100BBAA84 /* TodayViewController.xib */,
				2549EE921FBEB51100BBAA84 /* Info.plist */,
				2549EE931FBEB51100BBAA84 /* InfoPlist.strings */,
				2549EE961FBEB51100BBAA84 /* Monit.entitlements */,
				25842ADB1FC2719700579713 /* Monit-Bridging-Header.h */,
			);
			path = Monit;
			sourceTree = "<group>";
		};
		25842ADA1FC2713900579713 /* SystemKit */ = {
			isa = PBXGroup;
			children = (
				25842AD21FC2712700579713 /* Battery.swift */,
				25842AD31FC2712700579713 /* IOReturn.swift */,
				25842AD41FC2712700579713 /* Process.swift */,
				25842AD51FC2712700579713 /* System.swift */,
			);
			path = SystemKit;
			sourceTree = "<group>";
		};
/* End PBXGroup section */

/* Begin PBXNativeTarget section */
		2549EE701FBEB48F00BBAA84 /* mStat */ = {
			isa = PBXNativeTarget;
			buildConfigurationList = 2549EE811FBEB48F00BBAA84 /* Build configuration list for PBXNativeTarget "mStat" */;
			buildPhases = (
				2549EE6D1FBEB48F00BBAA84 /* Sources */,
				2549EE6E1FBEB48F00BBAA84 /* Frameworks */,
				2549EE6F1FBEB48F00BBAA84 /* Resources */,
				2549EE9D1FBEB51100BBAA84 /* Embed App Extensions */,
				25842AD11FC2706200579713 /* Embed Frameworks */,
			);
			buildRules = (
			);
			dependencies = (
				2549EE981FBEB51100BBAA84 /* PBXTargetDependency */,
			);
			name = mStat;
			productName = mStat;
			productReference = 2549EE711FBEB48F00BBAA84 /* mStat.app */;
			productType = "com.apple.product-type.application";
		};
		2549EE871FBEB51100BBAA84 /* Monit */ = {
			isa = PBXNativeTarget;
			buildConfigurationList = 2549EE9A1FBEB51100BBAA84 /* Build configuration list for PBXNativeTarget "Monit" */;
			buildPhases = (
				2549EE841FBEB51100BBAA84 /* Sources */,
				2549EE851FBEB51100BBAA84 /* Frameworks */,
				2549EE861FBEB51100BBAA84 /* Resources */,
			);
			buildRules = (
			);
			dependencies = (
			);
			name = Monit;
			productName = Monit;
			productReference = 2549EE881FBEB51100BBAA84 /* Monit.appex */;
			productType = "com.apple.product-type.app-extension";
		};
/* End PBXNativeTarget section */

/* Begin PBXProject section */
		2549EE691FBEB48F00BBAA84 /* Project object */ = {
			isa = PBXProject;
			attributes = {
				LastSwiftUpdateCheck = 0910;
				LastUpgradeCheck = 0910;
				ORGANIZATIONNAME = venj;
				TargetAttributes = {
					2549EE701FBEB48F00BBAA84 = {
						CreatedOnToolsVersion = 9.1;
						ProvisioningStyle = Automatic;
					};
					2549EE871FBEB51100BBAA84 = {
						CreatedOnToolsVersion = 9.1;
						LastSwiftMigration = 0910;
						ProvisioningStyle = Automatic;
					};
				};
			};
			buildConfigurationList = 2549EE6C1FBEB48F00BBAA84 /* Build configuration list for PBXProject "mStat" */;
			compatibilityVersion = "Xcode 8.0";
			developmentRegion = en;
			hasScannedForEncodings = 0;
			knownRegions = (
				en,
				Base,
			);
			mainGroup = 2549EE681FBEB48F00BBAA84;
			productRefGroup = 2549EE721FBEB48F00BBAA84 /* Products */;
			projectDirPath = "";
			projectRoot = "";
			targets = (
				2549EE701FBEB48F00BBAA84 /* mStat */,
				2549EE871FBEB51100BBAA84 /* Monit */,
			);
		};
/* End PBXProject section */

/* Begin PBXResourcesBuildPhase section */
		2549EE6F1FBEB48F00BBAA84 /* Resources */ = {
			isa = PBXResourcesBuildPhase;
			buildActionMask = 2147483647;
			files = (
				2549EE791FBEB48F00BBAA84 /* Assets.xcassets in Resources */,
				2549EE7C1FBEB48F00BBAA84 /* Main.storyboard in Resources */,
			);
			runOnlyForDeploymentPostprocessing = 0;
		};
		2549EE861FBEB51100BBAA84 /* Resources */ = {
			isa = PBXResourcesBuildPhase;
			buildActionMask = 2147483647;
			files = (
				2549EE911FBEB51100BBAA84 /* TodayViewController.xib in Resources */,
				25842AE11FC2777000579713 /* Assets.xcassets in Resources */,
				2549EE951FBEB51100BBAA84 /* InfoPlist.strings in Resources */,
			);
			runOnlyForDeploymentPostprocessing = 0;
		};
/* End PBXResourcesBuildPhase section */

/* Begin PBXSourcesBuildPhase section */
		2549EE6D1FBEB48F00BBAA84 /* Sources */ = {
			isa = PBXSourcesBuildPhase;
			buildActionMask = 2147483647;
			files = (
				2549EE771FBEB48F00BBAA84 /* ViewController.swift in Sources */,
				2549EE751FBEB48F00BBAA84 /* AppDelegate.swift in Sources */,
			);
			runOnlyForDeploymentPostprocessing = 0;
		};
		2549EE841FBEB51100BBAA84 /* Sources */ = {
			isa = PBXSourcesBuildPhase;
			buildActionMask = 2147483647;
			files = (
				25842AD91FC2712800579713 /* System.swift in Sources */,
				25842AD71FC2712800579713 /* IOReturn.swift in Sources */,
				2549EE8E1FBEB51100BBAA84 /* TodayViewController.swift in Sources */,
				25842AD61FC2712800579713 /* Battery.swift in Sources */,
				25842AD81FC2712800579713 /* Process.swift in Sources */,
				259202251FC2AC6300F93FD5 /* StringExtension.swift in Sources */,
				25842ADE1FC2719800579713 /* data_usage.c in Sources */,
				259202271FC2B75900F93FD5 /* Theme.swift in Sources */,
				25842AE01FC2722D00579713 /* ProgressBar.swift in Sources */,
				259202231FC2ABF800F93FD5 /* Device.swift in Sources */,
			);
			runOnlyForDeploymentPostprocessing = 0;
		};
/* End PBXSourcesBuildPhase section */

/* Begin PBXTargetDependency section */
		2549EE981FBEB51100BBAA84 /* PBXTargetDependency */ = {
			isa = PBXTargetDependency;
			target = 2549EE871FBEB51100BBAA84 /* Monit */;
			targetProxy = 2549EE971FBEB51100BBAA84 /* PBXContainerItemProxy */;
		};
/* End PBXTargetDependency section */

/* Begin PBXVariantGroup section */
		2549EE7A1FBEB48F00BBAA84 /* Main.storyboard */ = {
			isa = PBXVariantGroup;
			children = (
				2549EE7B1FBEB48F00BBAA84 /* Base */,
			);
			name = Main.storyboard;
			sourceTree = "<group>";
		};
		2549EE8F1FBEB51100BBAA84 /* TodayViewController.xib */ = {
			isa = PBXVariantGroup;
			children = (
				2549EE901FBEB51100BBAA84 /* Base */,
			);
			name = TodayViewController.xib;
			sourceTree = "<group>";
		};
		2549EE931FBEB51100BBAA84 /* InfoPlist.strings */ = {
			isa = PBXVariantGroup;
			children = (
				2549EE941FBEB51100BBAA84 /* en */,
			);
			name = InfoPlist.strings;
			sourceTree = "<group>";
		};
/* End PBXVariantGroup section */

/* Begin XCBuildConfiguration section */
		2549EE7F1FBEB48F00BBAA84 /* Debug */ = {
			isa = XCBuildConfiguration;
			buildSettings = {
				ALWAYS_SEARCH_USER_PATHS = NO;
				CLANG_ANALYZER_NONNULL = YES;
				CLANG_ANALYZER_NUMBER_OBJECT_CONVERSION = YES_AGGRESSIVE;
				CLANG_CXX_LANGUAGE_STANDARD = "gnu++14";
				CLANG_CXX_LIBRARY = "libc++";
				CLANG_ENABLE_MODULES = YES;
				CLANG_ENABLE_OBJC_ARC = YES;
				CLANG_WARN_BLOCK_CAPTURE_AUTORELEASING = YES;
				CLANG_WARN_BOOL_CONVERSION = YES;
				CLANG_WARN_COMMA = YES;
				CLANG_WARN_CONSTANT_CONVERSION = YES;
				CLANG_WARN_DIRECT_OBJC_ISA_USAGE = YES_ERROR;
				CLANG_WARN_DOCUMENTATION_COMMENTS = YES;
				CLANG_WARN_EMPTY_BODY = YES;
				CLANG_WARN_ENUM_CONVERSION = YES;
				CLANG_WARN_INFINITE_RECURSION = YES;
				CLANG_WARN_INT_CONVERSION = YES;
				CLANG_WARN_NON_LITERAL_NULL_CONVERSION = YES;
				CLANG_WARN_OBJC_LITERAL_CONVERSION = YES;
				CLANG_WARN_OBJC_ROOT_CLASS = YES_ERROR;
				CLANG_WARN_RANGE_LOOP_ANALYSIS = YES;
				CLANG_WARN_STRICT_PROTOTYPES = YES;
				CLANG_WARN_SUSPICIOUS_MOVE = YES;
				CLANG_WARN_UNGUARDED_AVAILABILITY = YES_AGGRESSIVE;
				CLANG_WARN_UNREACHABLE_CODE = YES;
				CLANG_WARN__DUPLICATE_METHOD_MATCH = YES;
				CODE_SIGN_IDENTITY = "Mac Developer";
				COPY_PHASE_STRIP = NO;
				DEBUG_INFORMATION_FORMAT = dwarf;
				ENABLE_STRICT_OBJC_MSGSEND = YES;
				ENABLE_TESTABILITY = YES;
				GCC_C_LANGUAGE_STANDARD = gnu11;
				GCC_DYNAMIC_NO_PIC = NO;
				GCC_NO_COMMON_BLOCKS = YES;
				GCC_OPTIMIZATION_LEVEL = 0;
				GCC_PREPROCESSOR_DEFINITIONS = (
					"DEBUG=1",
					"$(inherited)",
				);
				GCC_WARN_64_TO_32_BIT_CONVERSION = YES;
				GCC_WARN_ABOUT_RETURN_TYPE = YES_ERROR;
				GCC_WARN_UNDECLARED_SELECTOR = YES;
				GCC_WARN_UNINITIALIZED_AUTOS = YES_AGGRESSIVE;
				GCC_WARN_UNUSED_FUNCTION = YES;
				GCC_WARN_UNUSED_VARIABLE = YES;
				MACOSX_DEPLOYMENT_TARGET = 10.13;
				MTL_ENABLE_DEBUG_INFO = YES;
				ONLY_ACTIVE_ARCH = YES;
				SDKROOT = macosx;
				SWIFT_ACTIVE_COMPILATION_CONDITIONS = DEBUG;
				SWIFT_OPTIMIZATION_LEVEL = "-Onone";
			};
			name = Debug;
		};
		2549EE801FBEB48F00BBAA84 /* Release */ = {
			isa = XCBuildConfiguration;
			buildSettings = {
				ALWAYS_SEARCH_USER_PATHS = NO;
				CLANG_ANALYZER_NONNULL = YES;
				CLANG_ANALYZER_NUMBER_OBJECT_CONVERSION = YES_AGGRESSIVE;
				CLANG_CXX_LANGUAGE_STANDARD = "gnu++14";
				CLANG_CXX_LIBRARY = "libc++";
				CLANG_ENABLE_MODULES = YES;
				CLANG_ENABLE_OBJC_ARC = YES;
				CLANG_WARN_BLOCK_CAPTURE_AUTORELEASING = YES;
				CLANG_WARN_BOOL_CONVERSION = YES;
				CLANG_WARN_COMMA = YES;
				CLANG_WARN_CONSTANT_CONVERSION = YES;
				CLANG_WARN_DIRECT_OBJC_ISA_USAGE = YES_ERROR;
				CLANG_WARN_DOCUMENTATION_COMMENTS = YES;
				CLANG_WARN_EMPTY_BODY = YES;
				CLANG_WARN_ENUM_CONVERSION = YES;
				CLANG_WARN_INFINITE_RECURSION = YES;
				CLANG_WARN_INT_CONVERSION = YES;
				CLANG_WARN_NON_LITERAL_NULL_CONVERSION = YES;
				CLANG_WARN_OBJC_LITERAL_CONVERSION = YES;
				CLANG_WARN_OBJC_ROOT_CLASS = YES_ERROR;
				CLANG_WARN_RANGE_LOOP_ANALYSIS = YES;
				CLANG_WARN_STRICT_PROTOTYPES = YES;
				CLANG_WARN_SUSPICIOUS_MOVE = YES;
				CLANG_WARN_UNGUARDED_AVAILABILITY = YES_AGGRESSIVE;
				CLANG_WARN_UNREACHABLE_CODE = YES;
				CLANG_WARN__DUPLICATE_METHOD_MATCH = YES;
				CODE_SIGN_IDENTITY = "Mac Developer";
				COPY_PHASE_STRIP = NO;
				DEBUG_INFORMATION_FORMAT = "dwarf-with-dsym";
				ENABLE_NS_ASSERTIONS = NO;
				ENABLE_STRICT_OBJC_MSGSEND = YES;
				GCC_C_LANGUAGE_STANDARD = gnu11;
				GCC_NO_COMMON_BLOCKS = YES;
				GCC_WARN_64_TO_32_BIT_CONVERSION = YES;
				GCC_WARN_ABOUT_RETURN_TYPE = YES_ERROR;
				GCC_WARN_UNDECLARED_SELECTOR = YES;
				GCC_WARN_UNINITIALIZED_AUTOS = YES_AGGRESSIVE;
				GCC_WARN_UNUSED_FUNCTION = YES;
				GCC_WARN_UNUSED_VARIABLE = YES;
				MACOSX_DEPLOYMENT_TARGET = 10.13;
				MTL_ENABLE_DEBUG_INFO = NO;
				SDKROOT = macosx;
				SWIFT_OPTIMIZATION_LEVEL = "-Owholemodule";
			};
			name = Release;
		};
		2549EE821FBEB48F00BBAA84 /* Debug */ = {
			isa = XCBuildConfiguration;
			buildSettings = {
				ALWAYS_EMBED_SWIFT_STANDARD_LIBRARIES = YES;
				ASSETCATALOG_COMPILER_APPICON_NAME = AppIcon;
				CODE_SIGN_ENTITLEMENTS = mStat/mStat.entitlements;
				CODE_SIGN_STYLE = Automatic;
				COMBINE_HIDPI_IMAGES = YES;
				DEVELOPMENT_TEAM = 32Y52676KN;
				INFOPLIST_FILE = mStat/Info.plist;
				LD_RUNPATH_SEARCH_PATHS = "$(inherited) @executable_path/../Frameworks";
				MACOSX_DEPLOYMENT_TARGET = 10.10;
				PRODUCT_BUNDLE_IDENTIFIER = me.venj.mStat;
				PRODUCT_NAME = "$(TARGET_NAME)";
				SWIFT_VERSION = 4.0;
			};
			name = Debug;
		};
		2549EE831FBEB48F00BBAA84 /* Release */ = {
			isa = XCBuildConfiguration;
			buildSettings = {
				ALWAYS_EMBED_SWIFT_STANDARD_LIBRARIES = YES;
				ASSETCATALOG_COMPILER_APPICON_NAME = AppIcon;
				CODE_SIGN_ENTITLEMENTS = mStat/mStat.entitlements;
				CODE_SIGN_STYLE = Automatic;
				COMBINE_HIDPI_IMAGES = YES;
				DEVELOPMENT_TEAM = 32Y52676KN;
				INFOPLIST_FILE = mStat/Info.plist;
				LD_RUNPATH_SEARCH_PATHS = "$(inherited) @executable_path/../Frameworks";
				MACOSX_DEPLOYMENT_TARGET = 10.10;
				PRODUCT_BUNDLE_IDENTIFIER = me.venj.mStat;
				PRODUCT_NAME = "$(TARGET_NAME)";
				SWIFT_VERSION = 4.0;
			};
			name = Release;
		};
		2549EE9B1FBEB51100BBAA84 /* Debug */ = {
			isa = XCBuildConfiguration;
			buildSettings = {
				CLANG_ENABLE_MODULES = YES;
				CODE_SIGN_ENTITLEMENTS = Monit/Monit.entitlements;
				CODE_SIGN_STYLE = Automatic;
				COMBINE_HIDPI_IMAGES = YES;
				DEVELOPMENT_TEAM = 32Y52676KN;
				INFOPLIST_FILE = Monit/Info.plist;
				LD_RUNPATH_SEARCH_PATHS = "$(inherited) @executable_path/../Frameworks @executable_path/../../../../Frameworks";
				PRODUCT_BUNDLE_IDENTIFIER = me.venj.mStat.Monit;
				PRODUCT_NAME = "$(TARGET_NAME)";
				SKIP_INSTALL = YES;
				SWIFT_OBJC_BRIDGING_HEADER = "Monit/Monit-Bridging-Header.h";
				SWIFT_OPTIMIZATION_LEVEL = "-Onone";
				SWIFT_VERSION = 4.0;
			};
			name = Debug;
		};
		2549EE9C1FBEB51100BBAA84 /* Release */ = {
			isa = XCBuildConfiguration;
			buildSettings = {
				CLANG_ENABLE_MODULES = YES;
				CODE_SIGN_ENTITLEMENTS = Monit/Monit.entitlements;
				CODE_SIGN_STYLE = Automatic;
				COMBINE_HIDPI_IMAGES = YES;
				DEVELOPMENT_TEAM = 32Y52676KN;
				INFOPLIST_FILE = Monit/Info.plist;
				LD_RUNPATH_SEARCH_PATHS = "$(inherited) @executable_path/../Frameworks @executable_path/../../../../Frameworks";
				PRODUCT_BUNDLE_IDENTIFIER = me.venj.mStat.Monit;
				PRODUCT_NAME = "$(TARGET_NAME)";
				SKIP_INSTALL = YES;
				SWIFT_OBJC_BRIDGING_HEADER = "Monit/Monit-Bridging-Header.h";
				SWIFT_VERSION = 4.0;
			};
			name = Release;
		};
/* End XCBuildConfiguration section */

/* Begin XCConfigurationList section */
		2549EE6C1FBEB48F00BBAA84 /* Build configuration list for PBXProject "mStat" */ = {
			isa = XCConfigurationList;
			buildConfigurations = (
				2549EE7F1FBEB48F00BBAA84 /* Debug */,
				2549EE801FBEB48F00BBAA84 /* Release */,
			);
			defaultConfigurationIsVisible = 0;
			defaultConfigurationName = Release;
		};
		2549EE811FBEB48F00BBAA84 /* Build configuration list for PBXNativeTarget "mStat" */ = {
			isa = XCConfigurationList;
			buildConfigurations = (
				2549EE821FBEB48F00BBAA84 /* Debug */,
				2549EE831FBEB48F00BBAA84 /* Release */,
			);
			defaultConfigurationIsVisible = 0;
			defaultConfigurationName = Release;
		};
		2549EE9A1FBEB51100BBAA84 /* Build configuration list for PBXNativeTarget "Monit" */ = {
			isa = XCConfigurationList;
			buildConfigurations = (
				2549EE9B1FBEB51100BBAA84 /* Debug */,
				2549EE9C1FBEB51100BBAA84 /* Release */,
			);
			defaultConfigurationIsVisible = 0;
			defaultConfigurationName = Release;
		};
/* End XCConfigurationList section */
	};
	rootObject = 2549EE691FBEB48F00BBAA84 /* Project object */;
}
